
Microsoft Visual Studio Solution File, Format Version 12.00
# Visual Studio Version 17
VisualStudioVersion = 17.0.31903.59
MinimumVisualStudioVersion = 10.0.40219.1
Project("{FAE04EC0-301F-11D3-BF4B-00C04F79EFBC}") = "QRCodeTest", "QRCodeTest\QRCodeTest.csproj", "{8988214C-1D8B-4B00-9FE8-11CD111AE09C}"
EndProject
Global
	GlobalSection(SolutionConfigurationPlatforms) = preSolution
		Debug|Any CPU = Debug|Any CPU
		Release|Any CPU = Release|Any CPU
	EndGlobalSection
	GlobalSection(ProjectConfigurationPlatforms) = postSolution
		{8988214C-1D8B-4B00-9FE8-11CD111AE09C}.Debug|Any CPU.ActiveCfg = Debug|Any CPU
		{8988214C-1D8B-4B00-9FE8-11CD111AE09C}.Debug|Any CPU.Build.0 = Debug|Any CPU
		{8988214C-1D8B-4B00-9FE8-11CD111AE09C}.Release|Any CPU.ActiveCfg = Release|Any CPU
		{8988214C-1D8B-4B00-9FE8-11CD111AE09C}.Release|Any CPU.Build.0 = Release|Any CPU
	EndGlobalSection
	GlobalSection(SolutionProperties) = preSolution
		HideSolutionNode = FALSE
	EndGlobalSection
	GlobalSection(ExtensibilityGlobals) = postSolution
		SolutionGuid = {D08BE492-E40E-4946-B8D6-A338E8F88BBF}
	EndGlobalSection
EndGlobal
